
Microsoft Visual Studio Solution File, Format Version 12.00
# Visual Studio 2012
VisualStudioVersion = 12.0.40629.0
MinimumVisualStudioVersion = 10.0.40219.1
Project("{FAE04EC0-301F-11D3-BF4B-00C04F79EFBC}") = "Artivity.Apid", "Artivity.Apid\Artivity.Apid.csproj", "{18E3ACB7-2958-43C7-B201-EA31F542F22C}"
EndProject
Project("{FAE04EC0-301F-11D3-BF4B-00C04F79EFBC}") = "Artivity.Apid.Modules.Journal", "Artivity.Apid.Modules.Journal\Artivity.Apid.Modules.Journal.csproj", "{EBEAF1EE-ACD3-4124-A8E4-314822824EC8}"
EndProject
Project("{FAE04EC0-301F-11D3-BF4B-00C04F79EFBC}") = "Artivity.DataModel", "Artivity.DataModel\Artivity.DataModel.csproj", "{AF97FB55-09C8-4775-81F6-F1F97C2DB468}"
EndProject
Project("{FAE04EC0-301F-11D3-BF4B-00C04F79EFBC}") = "Artivity.Explorer", "artivity-explorer\Artivity.Explorer.csproj", "{823D4E87-D4D8-4D08-98AE-EAD625579E1A}"
EndProject
Project("{FAE04EC0-301F-11D3-BF4B-00C04F79EFBC}") = "Artivity.Apid.Windows", "Artivity.Apid.Windows\Artivity.Apid.Windows.csproj", "{3CAF4068-5CE1-43B2-BE19-4425B0A86DB8}"
EndProject
Project("{FAE04EC0-301F-11D3-BF4B-00C04F79EFBC}") = "Artivity.Journal.Windows", "Artivity.Journal.Windows\Artivity.Journal.Windows.csproj", "{111D1A22-90FF-4ACD-8DE9-C38403ED691C}"
EndProject
Project("{FAE04EC0-301F-11D3-BF4B-00C04F79EFBC}") = "Artivity.Mac", "Artivity.Mac\Artivity.Mac.csproj", "{B996381E-DBD4-4C4D-9FFF-43425F221C17}"
EndProject
Project("{FAE04EC0-301F-11D3-BF4B-00C04F79EFBC}") = "Artivity.Apid.Mac", "Artivity.Apid.Mac\Artivity.Apid.Mac.csproj", "{DDDE0F95-5159-4C2E-A9C6-5AD4DF3688D7}"
EndProject
Global
	GlobalSection(SolutionConfigurationPlatforms) = preSolution
		Debug OSX|Any CPU = Debug OSX|Any CPU
		Debug OSX|x64 = Debug OSX|x64
		Debug OSX|x86 = Debug OSX|x86
		Debug|Any CPU = Debug|Any CPU
		Debug|x64 = Debug|x64
		Debug|x86 = Debug|x86
		Release OSX|Any CPU = Release OSX|Any CPU
		Release OSX|x64 = Release OSX|x64
		Release OSX|x86 = Release OSX|x86
		Release|Any CPU = Release|Any CPU
		Release|x64 = Release|x64
		Release|x86 = Release|x86
	EndGlobalSection
	GlobalSection(ProjectConfigurationPlatforms) = postSolution
		{111D1A22-90FF-4ACD-8DE9-C38403ED691C}.Debug OSX|Any CPU.ActiveCfg = Debug|Any CPU
		{111D1A22-90FF-4ACD-8DE9-C38403ED691C}.Debug OSX|x64.ActiveCfg = Debug|x64
		{111D1A22-90FF-4ACD-8DE9-C38403ED691C}.Debug OSX|x64.Build.0 = Debug|x64
		{111D1A22-90FF-4ACD-8DE9-C38403ED691C}.Debug OSX|x86.ActiveCfg = Debug|x86
		{111D1A22-90FF-4ACD-8DE9-C38403ED691C}.Debug OSX|x86.Build.0 = Debug|x86
		{111D1A22-90FF-4ACD-8DE9-C38403ED691C}.Debug|Any CPU.ActiveCfg = Debug|x64
		{111D1A22-90FF-4ACD-8DE9-C38403ED691C}.Debug|Any CPU.Build.0 = Debug|x64
		{111D1A22-90FF-4ACD-8DE9-C38403ED691C}.Debug|x64.ActiveCfg = Debug|x64
		{111D1A22-90FF-4ACD-8DE9-C38403ED691C}.Debug|x64.Build.0 = Debug|x64
		{111D1A22-90FF-4ACD-8DE9-C38403ED691C}.Debug|x86.ActiveCfg = Debug|x64
		{111D1A22-90FF-4ACD-8DE9-C38403ED691C}.Debug|x86.Build.0 = Debug|x64
		{111D1A22-90FF-4ACD-8DE9-C38403ED691C}.Release OSX|Any CPU.ActiveCfg = Release|Any CPU
		{111D1A22-90FF-4ACD-8DE9-C38403ED691C}.Release OSX|x64.ActiveCfg = Release|x64
		{111D1A22-90FF-4ACD-8DE9-C38403ED691C}.Release OSX|x64.Build.0 = Release|x64
		{111D1A22-90FF-4ACD-8DE9-C38403ED691C}.Release OSX|x86.ActiveCfg = Release|x86
		{111D1A22-90FF-4ACD-8DE9-C38403ED691C}.Release OSX|x86.Build.0 = Release|x86
		{111D1A22-90FF-4ACD-8DE9-C38403ED691C}.Release|Any CPU.ActiveCfg = Release|Any CPU
		{111D1A22-90FF-4ACD-8DE9-C38403ED691C}.Release|Any CPU.Build.0 = Release|Any CPU
		{111D1A22-90FF-4ACD-8DE9-C38403ED691C}.Release|x64.ActiveCfg = Release|x64
		{111D1A22-90FF-4ACD-8DE9-C38403ED691C}.Release|x64.Build.0 = Release|x64
		{111D1A22-90FF-4ACD-8DE9-C38403ED691C}.Release|x86.ActiveCfg = Release|x86
		{111D1A22-90FF-4ACD-8DE9-C38403ED691C}.Release|x86.Build.0 = Release|x86
		{18E3ACB7-2958-43C7-B201-EA31F542F22C}.Debug OSX|Any CPU.ActiveCfg = Debug OSX|Any CPU
		{18E3ACB7-2958-43C7-B201-EA31F542F22C}.Debug OSX|Any CPU.Build.0 = Debug OSX|Any CPU
		{18E3ACB7-2958-43C7-B201-EA31F542F22C}.Debug OSX|x64.ActiveCfg = Debug OSX|Any CPU
		{18E3ACB7-2958-43C7-B201-EA31F542F22C}.Debug OSX|x86.ActiveCfg = Debug OSX|Any CPU
		{18E3ACB7-2958-43C7-B201-EA31F542F22C}.Debug|Any CPU.ActiveCfg = Debug|Any CPU
		{18E3ACB7-2958-43C7-B201-EA31F542F22C}.Debug|Any CPU.Build.0 = Debug|Any CPU
		{18E3ACB7-2958-43C7-B201-EA31F542F22C}.Debug|x64.ActiveCfg = Debug|Any CPU
		{18E3ACB7-2958-43C7-B201-EA31F542F22C}.Debug|x86.ActiveCfg = Debug|Any CPU
		{18E3ACB7-2958-43C7-B201-EA31F542F22C}.Release OSX|Any CPU.ActiveCfg = Release OSX|Any CPU
		{18E3ACB7-2958-43C7-B201-EA31F542F22C}.Release OSX|Any CPU.Build.0 = Release OSX|Any CPU
		{18E3ACB7-2958-43C7-B201-EA31F542F22C}.Release OSX|x64.ActiveCfg = Release OSX|Any CPU
		{18E3ACB7-2958-43C7-B201-EA31F542F22C}.Release OSX|x86.ActiveCfg = Release OSX|Any CPU
		{18E3ACB7-2958-43C7-B201-EA31F542F22C}.Release|Any CPU.ActiveCfg = Release|Any CPU
		{18E3ACB7-2958-43C7-B201-EA31F542F22C}.Release|Any CPU.Build.0 = Release|Any CPU
		{18E3ACB7-2958-43C7-B201-EA31F542F22C}.Release|x64.ActiveCfg = Release|Any CPU
		{18E3ACB7-2958-43C7-B201-EA31F542F22C}.Release|x86.ActiveCfg = Release|Any CPU
		{3CAF4068-5CE1-43B2-BE19-4425B0A86DB8}.Debug OSX|Any CPU.ActiveCfg = Debug OSX|Any CPU
		{3CAF4068-5CE1-43B2-BE19-4425B0A86DB8}.Debug OSX|x64.ActiveCfg = Debug OSX|Any CPU
		{3CAF4068-5CE1-43B2-BE19-4425B0A86DB8}.Debug OSX|x86.ActiveCfg = Debug OSX|Any CPU
		{3CAF4068-5CE1-43B2-BE19-4425B0A86DB8}.Debug|Any CPU.ActiveCfg = Debug|Any CPU
		{3CAF4068-5CE1-43B2-BE19-4425B0A86DB8}.Debug|Any CPU.Build.0 = Debug|Any CPU
		{3CAF4068-5CE1-43B2-BE19-4425B0A86DB8}.Debug|x64.ActiveCfg = Debug|Any CPU
		{3CAF4068-5CE1-43B2-BE19-4425B0A86DB8}.Debug|x86.ActiveCfg = Debug|Any CPU
		{3CAF4068-5CE1-43B2-BE19-4425B0A86DB8}.Release OSX|Any CPU.ActiveCfg = Release OSX|Any CPU
		{3CAF4068-5CE1-43B2-BE19-4425B0A86DB8}.Release OSX|x64.ActiveCfg = Release OSX|Any CPU
		{3CAF4068-5CE1-43B2-BE19-4425B0A86DB8}.Release OSX|x86.ActiveCfg = Release OSX|Any CPU
		{3CAF4068-5CE1-43B2-BE19-4425B0A86DB8}.Release|Any CPU.ActiveCfg = Release|Any CPU
		{3CAF4068-5CE1-43B2-BE19-4425B0A86DB8}.Release|Any CPU.Build.0 = Release|Any CPU
		{3CAF4068-5CE1-43B2-BE19-4425B0A86DB8}.Release|x64.ActiveCfg = Release|Any CPU
		{3CAF4068-5CE1-43B2-BE19-4425B0A86DB8}.Release|x86.ActiveCfg = Release|Any CPU
		{823D4E87-D4D8-4D08-98AE-EAD625579E1A}.Debug OSX|Any CPU.ActiveCfg = Debug OSX|Any CPU
		{823D4E87-D4D8-4D08-98AE-EAD625579E1A}.Debug OSX|x64.ActiveCfg = Debug OSX|Any CPU
		{823D4E87-D4D8-4D08-98AE-EAD625579E1A}.Debug OSX|x86.ActiveCfg = Debug OSX|Any CPU
		{823D4E87-D4D8-4D08-98AE-EAD625579E1A}.Debug|Any CPU.ActiveCfg = Debug|Any CPU
		{823D4E87-D4D8-4D08-98AE-EAD625579E1A}.Debug|x64.ActiveCfg = Debug|Any CPU
		{823D4E87-D4D8-4D08-98AE-EAD625579E1A}.Debug|x86.ActiveCfg = Debug|Any CPU
		{823D4E87-D4D8-4D08-98AE-EAD625579E1A}.Release OSX|Any CPU.ActiveCfg = Release OSX|Any CPU
		{823D4E87-D4D8-4D08-98AE-EAD625579E1A}.Release OSX|x64.ActiveCfg = Release OSX|Any CPU
		{823D4E87-D4D8-4D08-98AE-EAD625579E1A}.Release OSX|x86.ActiveCfg = Release OSX|Any CPU
		{823D4E87-D4D8-4D08-98AE-EAD625579E1A}.Release|Any CPU.ActiveCfg = Release|Any CPU
		{823D4E87-D4D8-4D08-98AE-EAD625579E1A}.Release|x64.ActiveCfg = Release|Any CPU
		{823D4E87-D4D8-4D08-98AE-EAD625579E1A}.Release|x86.ActiveCfg = Release|Any CPU
		{AF97FB55-09C8-4775-81F6-F1F97C2DB468}.Debug OSX|Any CPU.ActiveCfg = Debug OSX|Any CPU
		{AF97FB55-09C8-4775-81F6-F1F97C2DB468}.Debug OSX|Any CPU.Build.0 = Debug OSX|Any CPU
		{AF97FB55-09C8-4775-81F6-F1F97C2DB468}.Debug OSX|x64.ActiveCfg = Debug OSX|Any CPU
		{AF97FB55-09C8-4775-81F6-F1F97C2DB468}.Debug OSX|x86.ActiveCfg = Debug OSX|Any CPU
		{AF97FB55-09C8-4775-81F6-F1F97C2DB468}.Debug|Any CPU.ActiveCfg = Debug|Any CPU
		{AF97FB55-09C8-4775-81F6-F1F97C2DB468}.Debug|Any CPU.Build.0 = Debug|Any CPU
		{AF97FB55-09C8-4775-81F6-F1F97C2DB468}.Debug|x64.ActiveCfg = Debug|Any CPU
		{AF97FB55-09C8-4775-81F6-F1F97C2DB468}.Debug|x86.ActiveCfg = Debug|Any CPU
		{AF97FB55-09C8-4775-81F6-F1F97C2DB468}.Release OSX|Any CPU.ActiveCfg = Release OSX|Any CPU
		{AF97FB55-09C8-4775-81F6-F1F97C2DB468}.Release OSX|Any CPU.Build.0 = Release OSX|Any CPU
		{AF97FB55-09C8-4775-81F6-F1F97C2DB468}.Release OSX|x64.ActiveCfg = Release OSX|Any CPU
		{AF97FB55-09C8-4775-81F6-F1F97C2DB468}.Release OSX|x86.ActiveCfg = Release OSX|Any CPU
		{AF97FB55-09C8-4775-81F6-F1F97C2DB468}.Release|Any CPU.ActiveCfg = Release|Any CPU
		{AF97FB55-09C8-4775-81F6-F1F97C2DB468}.Release|Any CPU.Build.0 = Release|Any CPU
		{AF97FB55-09C8-4775-81F6-F1F97C2DB468}.Release|x64.ActiveCfg = Release|Any CPU
		{AF97FB55-09C8-4775-81F6-F1F97C2DB468}.Release|x86.ActiveCfg = Release|Any CPU
		{B996381E-DBD4-4C4D-9FFF-43425F221C17}.Debug OSX|Any CPU.ActiveCfg = Debug|Any CPU
		{B996381E-DBD4-4C4D-9FFF-43425F221C17}.Debug OSX|Any CPU.Build.0 = Debug|Any CPU
		{B996381E-DBD4-4C4D-9FFF-43425F221C17}.Debug OSX|x64.ActiveCfg = Debug|Any CPU
		{B996381E-DBD4-4C4D-9FFF-43425F221C17}.Debug OSX|x64.Build.0 = Debug|Any CPU
		{B996381E-DBD4-4C4D-9FFF-43425F221C17}.Debug OSX|x86.ActiveCfg = Debug|Any CPU
		{B996381E-DBD4-4C4D-9FFF-43425F221C17}.Debug OSX|x86.Build.0 = Debug|Any CPU
		{B996381E-DBD4-4C4D-9FFF-43425F221C17}.Debug|Any CPU.ActiveCfg = Debug|Any CPU
		{B996381E-DBD4-4C4D-9FFF-43425F221C17}.Debug|Any CPU.Build.0 = Debug|Any CPU
		{B996381E-DBD4-4C4D-9FFF-43425F221C17}.Debug|x64.ActiveCfg = Debug|Any CPU
		{B996381E-DBD4-4C4D-9FFF-43425F221C17}.Debug|x64.Build.0 = Debug|Any CPU
		{B996381E-DBD4-4C4D-9FFF-43425F221C17}.Debug|x86.ActiveCfg = Debug|Any CPU
		{B996381E-DBD4-4C4D-9FFF-43425F221C17}.Debug|x86.Build.0 = Debug|Any CPU
		{B996381E-DBD4-4C4D-9FFF-43425F221C17}.Release OSX|Any CPU.ActiveCfg = Release|Any CPU
		{B996381E-DBD4-4C4D-9FFF-43425F221C17}.Release OSX|Any CPU.Build.0 = Release|Any CPU
		{B996381E-DBD4-4C4D-9FFF-43425F221C17}.Release OSX|x64.ActiveCfg = Release|Any CPU
		{B996381E-DBD4-4C4D-9FFF-43425F221C17}.Release OSX|x64.Build.0 = Release|Any CPU
		{B996381E-DBD4-4C4D-9FFF-43425F221C17}.Release OSX|x86.ActiveCfg = Release|Any CPU
		{B996381E-DBD4-4C4D-9FFF-43425F221C17}.Release OSX|x86.Build.0 = Release|Any CPU
		{B996381E-DBD4-4C4D-9FFF-43425F221C17}.Release|Any CPU.ActiveCfg = Release|Any CPU
		{B996381E-DBD4-4C4D-9FFF-43425F221C17}.Release|Any CPU.Build.0 = Release|Any CPU
		{B996381E-DBD4-4C4D-9FFF-43425F221C17}.Release|x64.ActiveCfg = Release|Any CPU
		{B996381E-DBD4-4C4D-9FFF-43425F221C17}.Release|x64.Build.0 = Release|Any CPU
		{B996381E-DBD4-4C4D-9FFF-43425F221C17}.Release|x86.ActiveCfg = Release|Any CPU
		{B996381E-DBD4-4C4D-9FFF-43425F221C17}.Release|x86.Build.0 = Release|Any CPU
		{EBEAF1EE-ACD3-4124-A8E4-314822824EC8}.Debug OSX|Any CPU.ActiveCfg = Debug|Any CPU
		{EBEAF1EE-ACD3-4124-A8E4-314822824EC8}.Debug OSX|Any CPU.Build.0 = Debug|Any CPU
		{EBEAF1EE-ACD3-4124-A8E4-314822824EC8}.Debug OSX|x64.ActiveCfg = Debug|Any CPU
		{EBEAF1EE-ACD3-4124-A8E4-314822824EC8}.Debug OSX|x86.ActiveCfg = Debug|Any CPU
		{EBEAF1EE-ACD3-4124-A8E4-314822824EC8}.Debug|Any CPU.ActiveCfg = Debug|Any CPU
		{EBEAF1EE-ACD3-4124-A8E4-314822824EC8}.Debug|Any CPU.Build.0 = Debug|Any CPU
		{EBEAF1EE-ACD3-4124-A8E4-314822824EC8}.Debug|x64.ActiveCfg = Debug|Any CPU
		{EBEAF1EE-ACD3-4124-A8E4-314822824EC8}.Debug|x86.ActiveCfg = Debug|Any CPU
		{EBEAF1EE-ACD3-4124-A8E4-314822824EC8}.Release OSX|Any CPU.ActiveCfg = Release|Any CPU
		{EBEAF1EE-ACD3-4124-A8E4-314822824EC8}.Release OSX|Any CPU.Build.0 = Release|Any CPU
		{EBEAF1EE-ACD3-4124-A8E4-314822824EC8}.Release OSX|x64.ActiveCfg = Release|Any CPU
		{EBEAF1EE-ACD3-4124-A8E4-314822824EC8}.Release OSX|x86.ActiveCfg = Release|Any CPU
		{EBEAF1EE-ACD3-4124-A8E4-314822824EC8}.Release|Any CPU.ActiveCfg = Release|Any CPU
		{EBEAF1EE-ACD3-4124-A8E4-314822824EC8}.Release|Any CPU.Build.0 = Release|Any CPU
		{EBEAF1EE-ACD3-4124-A8E4-314822824EC8}.Release|x64.ActiveCfg = Release|Any CPU
		{EBEAF1EE-ACD3-4124-A8E4-314822824EC8}.Release|x86.ActiveCfg = Release|Any CPU
		{DDDE0F95-5159-4C2E-A9C6-5AD4DF3688D7}.Debug OSX|Any CPU.ActiveCfg = Debug|Any CPU
		{DDDE0F95-5159-4C2E-A9C6-5AD4DF3688D7}.Debug OSX|Any CPU.Build.0 = Debug|Any CPU
		{DDDE0F95-5159-4C2E-A9C6-5AD4DF3688D7}.Debug OSX|x64.ActiveCfg = Debug|Any CPU
		{DDDE0F95-5159-4C2E-A9C6-5AD4DF3688D7}.Debug OSX|x64.Build.0 = Debug|Any CPU
		{DDDE0F95-5159-4C2E-A9C6-5AD4DF3688D7}.Debug OSX|x86.ActiveCfg = Debug|Any CPU
		{DDDE0F95-5159-4C2E-A9C6-5AD4DF3688D7}.Debug OSX|x86.Build.0 = Debug|Any CPU
		{DDDE0F95-5159-4C2E-A9C6-5AD4DF3688D7}.Debug|Any CPU.ActiveCfg = Debug|Any CPU
		{DDDE0F95-5159-4C2E-A9C6-5AD4DF3688D7}.Debug|Any CPU.Build.0 = Debug|Any CPU
		{DDDE0F95-5159-4C2E-A9C6-5AD4DF3688D7}.Debug|x64.ActiveCfg = Debug|Any CPU
		{DDDE0F95-5159-4C2E-A9C6-5AD4DF3688D7}.Debug|x64.Build.0 = Debug|Any CPU
		{DDDE0F95-5159-4C2E-A9C6-5AD4DF3688D7}.Debug|x86.ActiveCfg = Debug|Any CPU
		{DDDE0F95-5159-4C2E-A9C6-5AD4DF3688D7}.Debug|x86.Build.0 = Debug|Any CPU
		{DDDE0F95-5159-4C2E-A9C6-5AD4DF3688D7}.Release OSX|Any CPU.ActiveCfg = Release|Any CPU
		{DDDE0F95-5159-4C2E-A9C6-5AD4DF3688D7}.Release OSX|Any CPU.Build.0 = Release|Any CPU
		{DDDE0F95-5159-4C2E-A9C6-5AD4DF3688D7}.Release OSX|x64.ActiveCfg = Release|Any CPU
		{DDDE0F95-5159-4C2E-A9C6-5AD4DF3688D7}.Release OSX|x64.Build.0 = Release|Any CPU
		{DDDE0F95-5159-4C2E-A9C6-5AD4DF3688D7}.Release OSX|x86.ActiveCfg = Release|Any CPU
		{DDDE0F95-5159-4C2E-A9C6-5AD4DF3688D7}.Release OSX|x86.Build.0 = Release|Any CPU
		{DDDE0F95-5159-4C2E-A9C6-5AD4DF3688D7}.Release|Any CPU.ActiveCfg = Release|Any CPU
		{DDDE0F95-5159-4C2E-A9C6-5AD4DF3688D7}.Release|Any CPU.Build.0 = Release|Any CPU
		{DDDE0F95-5159-4C2E-A9C6-5AD4DF3688D7}.Release|x64.ActiveCfg = Release|Any CPU
		{DDDE0F95-5159-4C2E-A9C6-5AD4DF3688D7}.Release|x64.Build.0 = Release|Any CPU
		{DDDE0F95-5159-4C2E-A9C6-5AD4DF3688D7}.Release|x86.ActiveCfg = Release|Any CPU
		{DDDE0F95-5159-4C2E-A9C6-5AD4DF3688D7}.Release|x86.Build.0 = Release|Any CPU
	EndGlobalSection
	GlobalSection(MonoDevelopProperties) = preSolution
		Policies = $0
		$0.StandardHeader = $1
		$1.Text = @LICENSE:\n\nPermission is hereby granted, free of charge, to any person obtaining a copy\nof this software and associated documentation files (the "Software"), to deal\nin the Software without restriction, including without limitation the rights\nto use, copy, modify, merge, publish, distribute, sublicense, and/or sell\ncopies of the Software, and to permit persons to whom the Software is\nfurnished to do so, subject to the following conditions:\n\nThe above copyright notice and this permission notice shall be included in\nall copies or substantial portions of the Software.\n\nTHE SOFTWARE IS PROVIDED "AS IS", WITHOUT WARRANTY OF ANY KIND, EXPRESS OR\nIMPLIED, INCLUDING BUT NOT LIMITED TO THE WARRANTIES OF MERCHANTABILITY,\nFITNESS FOR A PARTICULAR PURPOSE AND NONINFRINGEMENT. IN NO EVENT SHALL THE\nAUTHORS OR COPYRIGHT HOLDERS BE LIABLE FOR ANY CLAIM, DAMAGES OR OTHER\nLIABILITY, WHETHER IN AN ACTION OF CONTRACT, TORT OR OTHERWISE, ARISING FROM,\nOUT OF OR IN CONNECTION WITH THE SOFTWARE OR THE USE OR OTHER DEALINGS IN\nTHE SOFTWARE.\n\nAUTHORS:\n\n Moritz Eberl <moritz@semiodesk.com>\n Sebastian Faubel <sebastian@semiodesk.com>\n\nCopyright (c) Semiodesk GmbH 2015\n
		$1.IncludeInNewFiles = True
		$0.DotNetNamingPolicy = $2
		$2.DirectoryNamespaceAssociation = None
		$2.ResourceNamePolicy = FileFormatDefault
		$0.NameConventionPolicy = $3
		$3.Rules = $4
		$4.NamingRule = $5
		$5.AffectedEntity = None
		$5.VisibilityMask = VisibilityMask
		$5.NamingStyle = None
		$5.IncludeInstanceMembers = True
		$5.IncludeStaticEntities = True
		version = 1.5
	EndGlobalSection
	GlobalSection(SolutionProperties) = preSolution
		HideSolutionNode = FALSE
	EndGlobalSection
EndGlobal
